
Microsoft Visual Studio Solution File, Format Version 12.00
# Visual Studio Version 17
VisualStudioVersion = 17.5.002.0
MinimumVisualStudioVersion = 10.0.40219.1
Project("{9A19103F-16F7-4668-BE54-9A1E7A4F7556}") = "Week 8 Exam Unit 2", "Week 8 Exam Unit 2.csproj", "{13F3A50E-21F7-441D-8FC0-E2A19966400C}"
EndProject
Global
	GlobalSection(SolutionConfigurationPlatforms) = preSolution
		Debug|Any CPU = Debug|Any CPU
		Release|Any CPU = Release|Any CPU
	EndGlobalSection
	GlobalSection(ProjectConfigurationPlatforms) = postSolution
		{13F3A50E-21F7-441D-8FC0-E2A19966400C}.Debug|Any CPU.ActiveCfg = Debug|Any CPU
		{13F3A50E-21F7-441D-8FC0-E2A19966400C}.Debug|Any CPU.Build.0 = Debug|Any CPU
		{13F3A50E-21F7-441D-8FC0-E2A19966400C}.Release|Any CPU.ActiveCfg = Release|Any CPU
		{13F3A50E-21F7-441D-8FC0-E2A19966400C}.Release|Any CPU.Build.0 = Release|Any CPU
	EndGlobalSection
	GlobalSection(SolutionProperties) = preSolution
		HideSolutionNode = FALSE
	EndGlobalSection
	GlobalSection(ExtensibilityGlobals) = postSolution
		SolutionGuid = {9BF0FA3B-C193-4F48-9A5C-2CE40CA68C92}
	EndGlobalSection
EndGlobal
